
Microsoft Visual Studio Solution File, Format Version 12.00
# Visual Studio 15
VisualStudioVersion = 15.0.26730.15
MinimumVisualStudioVersion = 10.0.40219.1
Project("{2150E333-8FDC-42A3-9474-1A3956D46DE8}") = "nuget", "nuget", "{B5AEA046-0E87-4A7B-8F11-80B6BDDA1F2A}"
EndProject
Project("{FAE04EC0-301F-11D3-BF4B-00C04F79EFBC}") = "CrossPlatformLibrary.WebBrowser.NuGet", "CrossPlatformLibrary.WebBrowser.NuGet\CrossPlatformLibrary.WebBrowser.NuGet.csproj", "{2CF5E868-1098-4C6D-9001-27D8DC0D87BE}"
	ProjectSection(ProjectDependencies) = postProject
		{56A56F17-7DE1-4CA1-9617-BF32E971AC84} = {56A56F17-7DE1-4CA1-9617-BF32E971AC84}
		{A6FCEF44-D2BA-42C7-B3CB-13667BCD7B54} = {A6FCEF44-D2BA-42C7-B3CB-13667BCD7B54}
		{2882AEEB-D4CD-4EB9-8A6C-6653B33681F0} = {2882AEEB-D4CD-4EB9-8A6C-6653B33681F0}
	EndProjectSection
EndProject
Project("{FAE04EC0-301F-11D3-BF4B-00C04F79EFBC}") = "CrossPlatformLibrary.WebBrowser.Android", "CrossPlatformLibrary.WebBrowser.Android\CrossPlatformLibrary.WebBrowser.Android.csproj", "{56A56F17-7DE1-4CA1-9617-BF32E971AC84}"
EndProject
Project("{FAE04EC0-301F-11D3-BF4B-00C04F79EFBC}") = "CrossPlatformLibrary.WebBrowser.iOSUnified", "CrossPlatformLibrary.WebBrowser.iOSUnified\CrossPlatformLibrary.WebBrowser.iOSUnified.csproj", "{2882AEEB-D4CD-4EB9-8A6C-6653B33681F0}"
EndProject
Project("{FAE04EC0-301F-11D3-BF4B-00C04F79EFBC}") = "CrossPlatformLibrary.WebBrowser", "CrossPlatformLibrary.WebBrowser\CrossPlatformLibrary.WebBrowser.csproj", "{A6FCEF44-D2BA-42C7-B3CB-13667BCD7B54}"
EndProject
Project("{2150E333-8FDC-42A3-9474-1A3956D46DE8}") = "Tests", "Tests", "{533683F1-B92C-4149-A2AD-6045623BC6D8}"
EndProject
Project("{2150E333-8FDC-42A3-9474-1A3956D46DE8}") = "Samples", "Samples", "{D94B3E0A-38D5-40D6-956D-1B89B0C9490C}"
EndProject
Project("{FAE04EC0-301F-11D3-BF4B-00C04F79EFBC}") = "WebBrowserSample.Android", "Samples\WebBrowserSample\WebBrowserSample.Droid\WebBrowserSample.Android.csproj", "{7430E265-F63A-4F2A-BAC4-87D6CEF98595}"
EndProject
Project("{FAE04EC0-301F-11D3-BF4B-00C04F79EFBC}") = "WebBrowserSample.iOS", "Samples\WebBrowserSample\WebBrowserSample.iOS\WebBrowserSample.iOS.csproj", "{F9292096-F8BC-401A-BCC1-668EDD4E4F03}"
EndProject
Project("{FAE04EC0-301F-11D3-BF4B-00C04F79EFBC}") = "WebBrowserSample", "Samples\WebBrowserSample\WebBrowserSample\WebBrowserSample.csproj", "{E923B415-7E6A-4BE0-87A3-F524D4BF9518}"
EndProject
Project("{D954291E-2A0B-460D-934E-DC6B0785DB48}") = "CrossPlatformLibrary.WebBrowser.Shared", "CrossPlatformLibrary.WebBrowser.Shared\CrossPlatformLibrary.WebBrowser.Shared.shproj", "{BDE7D0AC-E429-4584-B91C-090A0CC6C338}"
EndProject
Project("{D954291E-2A0B-460D-934E-DC6B0785DB48}") = "CrossPlatformLibrary.WebBrowser.WinRT.Shared", "CrossPlatformLibrary.WebBrowser.WinRT.Shared\CrossPlatformLibrary.WebBrowser.WinRT.Shared.shproj", "{12926209-64C4-40ED-B8F3-4430377DE8F8}"
EndProject
Global
	GlobalSection(SharedMSBuildProjectFiles) = preSolution
		CrossPlatformLibrary.WebBrowser.WinRT.Shared\CrossPlatformLibrary.WebBrowser.WinRT.Shared.projitems*{12926209-64c4-40ed-b8f3-4430377de8f8}*SharedItemsImports = 13
		CrossPlatformLibrary.WebBrowser.Shared\CrossPlatformLibrary.WebBrowser.Shared.projitems*{2882aeeb-d4cd-4eb9-8a6c-6653b33681f0}*SharedItemsImports = 4
		CrossPlatformLibrary.WebBrowser.Shared\CrossPlatformLibrary.WebBrowser.Shared.projitems*{56a56f17-7de1-4ca1-9617-bf32e971ac84}*SharedItemsImports = 4
		CrossPlatformLibrary.WebBrowser.Shared\CrossPlatformLibrary.WebBrowser.Shared.projitems*{a6fcef44-d2ba-42c7-b3cb-13667bcd7b54}*SharedItemsImports = 4
		CrossPlatformLibrary.WebBrowser.Shared\CrossPlatformLibrary.WebBrowser.Shared.projitems*{bde7d0ac-e429-4584-b91c-090a0cc6c338}*SharedItemsImports = 13
	EndGlobalSection
	GlobalSection(SolutionConfigurationPlatforms) = preSolution
		Ad-Hoc|Any CPU = Ad-Hoc|Any CPU
		Ad-Hoc|ARM = Ad-Hoc|ARM
		Ad-Hoc|iPhone = Ad-Hoc|iPhone
		Ad-Hoc|iPhoneSimulator = Ad-Hoc|iPhoneSimulator
		Ad-Hoc|x64 = Ad-Hoc|x64
		Ad-Hoc|x86 = Ad-Hoc|x86
		AppStore|Any CPU = AppStore|Any CPU
		AppStore|ARM = AppStore|ARM
		AppStore|iPhone = AppStore|iPhone
		AppStore|iPhoneSimulator = AppStore|iPhoneSimulator
		AppStore|x64 = AppStore|x64
		AppStore|x86 = AppStore|x86
		Debug|Any CPU = Debug|Any CPU
		Debug|ARM = Debug|ARM
		Debug|iPhone = Debug|iPhone
		Debug|iPhoneSimulator = Debug|iPhoneSimulator
		Debug|x64 = Debug|x64
		Debug|x86 = Debug|x86
		Release|Any CPU = Release|Any CPU
		Release|ARM = Release|ARM
		Release|iPhone = Release|iPhone
		Release|iPhoneSimulator = Release|iPhoneSimulator
		Release|x64 = Release|x64
		Release|x86 = Release|x86
	EndGlobalSection
	GlobalSection(ProjectConfigurationPlatforms) = postSolution
		{2CF5E868-1098-4C6D-9001-27D8DC0D87BE}.Ad-Hoc|Any CPU.ActiveCfg = Release|Any CPU
		{2CF5E868-1098-4C6D-9001-27D8DC0D87BE}.Ad-Hoc|Any CPU.Build.0 = Release|Any CPU
		{2CF5E868-1098-4C6D-9001-27D8DC0D87BE}.Ad-Hoc|ARM.ActiveCfg = Release|Any CPU
		{2CF5E868-1098-4C6D-9001-27D8DC0D87BE}.Ad-Hoc|ARM.Build.0 = Release|Any CPU
		{2CF5E868-1098-4C6D-9001-27D8DC0D87BE}.Ad-Hoc|iPhone.ActiveCfg = Release|Any CPU
		{2CF5E868-1098-4C6D-9001-27D8DC0D87BE}.Ad-Hoc|iPhone.Build.0 = Release|Any CPU
		{2CF5E868-1098-4C6D-9001-27D8DC0D87BE}.Ad-Hoc|iPhoneSimulator.ActiveCfg = Release|Any CPU
		{2CF5E868-1098-4C6D-9001-27D8DC0D87BE}.Ad-Hoc|iPhoneSimulator.Build.0 = Release|Any CPU
		{2CF5E868-1098-4C6D-9001-27D8DC0D87BE}.Ad-Hoc|x64.ActiveCfg = Release|Any CPU
		{2CF5E868-1098-4C6D-9001-27D8DC0D87BE}.Ad-Hoc|x64.Build.0 = Release|Any CPU
		{2CF5E868-1098-4C6D-9001-27D8DC0D87BE}.Ad-Hoc|x86.ActiveCfg = Release|Any CPU
		{2CF5E868-1098-4C6D-9001-27D8DC0D87BE}.Ad-Hoc|x86.Build.0 = Release|Any CPU
		{2CF5E868-1098-4C6D-9001-27D8DC0D87BE}.AppStore|Any CPU.ActiveCfg = Release|Any CPU
		{2CF5E868-1098-4C6D-9001-27D8DC0D87BE}.AppStore|Any CPU.Build.0 = Release|Any CPU
		{2CF5E868-1098-4C6D-9001-27D8DC0D87BE}.AppStore|ARM.ActiveCfg = Release|Any CPU
		{2CF5E868-1098-4C6D-9001-27D8DC0D87BE}.AppStore|ARM.Build.0 = Release|Any CPU
		{2CF5E868-1098-4C6D-9001-27D8DC0D87BE}.AppStore|iPhone.ActiveCfg = Release|Any CPU
		{2CF5E868-1098-4C6D-9001-27D8DC0D87BE}.AppStore|iPhone.Build.0 = Release|Any CPU
		{2CF5E868-1098-4C6D-9001-27D8DC0D87BE}.AppStore|iPhoneSimulator.ActiveCfg = Release|Any CPU
		{2CF5E868-1098-4C6D-9001-27D8DC0D87BE}.AppStore|iPhoneSimulator.Build.0 = Release|Any CPU
		{2CF5E868-1098-4C6D-9001-27D8DC0D87BE}.AppStore|x64.ActiveCfg = Release|Any CPU
		{2CF5E868-1098-4C6D-9001-27D8DC0D87BE}.AppStore|x64.Build.0 = Release|Any CPU
		{2CF5E868-1098-4C6D-9001-27D8DC0D87BE}.AppStore|x86.ActiveCfg = Release|Any CPU
		{2CF5E868-1098-4C6D-9001-27D8DC0D87BE}.AppStore|x86.Build.0 = Release|Any CPU
		{2CF5E868-1098-4C6D-9001-27D8DC0D87BE}.Debug|Any CPU.ActiveCfg = Debug|Any CPU
		{2CF5E868-1098-4C6D-9001-27D8DC0D87BE}.Debug|Any CPU.Build.0 = Debug|Any CPU
		{2CF5E868-1098-4C6D-9001-27D8DC0D87BE}.Debug|ARM.ActiveCfg = Debug|Any CPU
		{2CF5E868-1098-4C6D-9001-27D8DC0D87BE}.Debug|iPhone.ActiveCfg = Debug|Any CPU
		{2CF5E868-1098-4C6D-9001-27D8DC0D87BE}.Debug|iPhone.Build.0 = Debug|Any CPU
		{2CF5E868-1098-4C6D-9001-27D8DC0D87BE}.Debug|iPhoneSimulator.ActiveCfg = Debug|Any CPU
		{2CF5E868-1098-4C6D-9001-27D8DC0D87BE}.Debug|iPhoneSimulator.Build.0 = Debug|Any CPU
		{2CF5E868-1098-4C6D-9001-27D8DC0D87BE}.Debug|x64.ActiveCfg = Debug|Any CPU
		{2CF5E868-1098-4C6D-9001-27D8DC0D87BE}.Debug|x86.ActiveCfg = Debug|Any CPU
		{2CF5E868-1098-4C6D-9001-27D8DC0D87BE}.Release|Any CPU.ActiveCfg = Release|Any CPU
		{2CF5E868-1098-4C6D-9001-27D8DC0D87BE}.Release|Any CPU.Build.0 = Release|Any CPU
		{2CF5E868-1098-4C6D-9001-27D8DC0D87BE}.Release|ARM.ActiveCfg = Release|Any CPU
		{2CF5E868-1098-4C6D-9001-27D8DC0D87BE}.Release|iPhone.ActiveCfg = Release|Any CPU
		{2CF5E868-1098-4C6D-9001-27D8DC0D87BE}.Release|iPhone.Build.0 = Release|Any CPU
		{2CF5E868-1098-4C6D-9001-27D8DC0D87BE}.Release|iPhoneSimulator.ActiveCfg = Release|Any CPU
		{2CF5E868-1098-4C6D-9001-27D8DC0D87BE}.Release|iPhoneSimulator.Build.0 = Release|Any CPU
		{2CF5E868-1098-4C6D-9001-27D8DC0D87BE}.Release|x64.ActiveCfg = Release|Any CPU
		{2CF5E868-1098-4C6D-9001-27D8DC0D87BE}.Release|x86.ActiveCfg = Release|Any CPU
		{56A56F17-7DE1-4CA1-9617-BF32E971AC84}.Ad-Hoc|Any CPU.ActiveCfg = Release|Any CPU
		{56A56F17-7DE1-4CA1-9617-BF32E971AC84}.Ad-Hoc|Any CPU.Build.0 = Release|Any CPU
		{56A56F17-7DE1-4CA1-9617-BF32E971AC84}.Ad-Hoc|ARM.ActiveCfg = Release|Any CPU
		{56A56F17-7DE1-4CA1-9617-BF32E971AC84}.Ad-Hoc|ARM.Build.0 = Release|Any CPU
		{56A56F17-7DE1-4CA1-9617-BF32E971AC84}.Ad-Hoc|iPhone.ActiveCfg = Release|Any CPU
		{56A56F17-7DE1-4CA1-9617-BF32E971AC84}.Ad-Hoc|iPhone.Build.0 = Release|Any CPU
		{56A56F17-7DE1-4CA1-9617-BF32E971AC84}.Ad-Hoc|iPhoneSimulator.ActiveCfg = Release|Any CPU
		{56A56F17-7DE1-4CA1-9617-BF32E971AC84}.Ad-Hoc|iPhoneSimulator.Build.0 = Release|Any CPU
		{56A56F17-7DE1-4CA1-9617-BF32E971AC84}.Ad-Hoc|x64.ActiveCfg = Release|Any CPU
		{56A56F17-7DE1-4CA1-9617-BF32E971AC84}.Ad-Hoc|x64.Build.0 = Release|Any CPU
		{56A56F17-7DE1-4CA1-9617-BF32E971AC84}.Ad-Hoc|x86.ActiveCfg = Release|Any CPU
		{56A56F17-7DE1-4CA1-9617-BF32E971AC84}.Ad-Hoc|x86.Build.0 = Release|Any CPU
		{56A56F17-7DE1-4CA1-9617-BF32E971AC84}.AppStore|Any CPU.ActiveCfg = Release|Any CPU
		{56A56F17-7DE1-4CA1-9617-BF32E971AC84}.AppStore|Any CPU.Build.0 = Release|Any CPU
		{56A56F17-7DE1-4CA1-9617-BF32E971AC84}.AppStore|ARM.ActiveCfg = Release|Any CPU
		{56A56F17-7DE1-4CA1-9617-BF32E971AC84}.AppStore|ARM.Build.0 = Release|Any CPU
		{56A56F17-7DE1-4CA1-9617-BF32E971AC84}.AppStore|iPhone.ActiveCfg = Release|Any CPU
		{56A56F17-7DE1-4CA1-9617-BF32E971AC84}.AppStore|iPhone.Build.0 = Release|Any CPU
		{56A56F17-7DE1-4CA1-9617-BF32E971AC84}.AppStore|iPhoneSimulator.ActiveCfg = Release|Any CPU
		{56A56F17-7DE1-4CA1-9617-BF32E971AC84}.AppStore|iPhoneSimulator.Build.0 = Release|Any CPU
		{56A56F17-7DE1-4CA1-9617-BF32E971AC84}.AppStore|x64.ActiveCfg = Release|Any CPU
		{56A56F17-7DE1-4CA1-9617-BF32E971AC84}.AppStore|x64.Build.0 = Release|Any CPU
		{56A56F17-7DE1-4CA1-9617-BF32E971AC84}.AppStore|x86.ActiveCfg = Release|Any CPU
		{56A56F17-7DE1-4CA1-9617-BF32E971AC84}.AppStore|x86.Build.0 = Release|Any CPU
		{56A56F17-7DE1-4CA1-9617-BF32E971AC84}.Debug|Any CPU.ActiveCfg = Debug|Any CPU
		{56A56F17-7DE1-4CA1-9617-BF32E971AC84}.Debug|Any CPU.Build.0 = Debug|Any CPU
		{56A56F17-7DE1-4CA1-9617-BF32E971AC84}.Debug|ARM.ActiveCfg = Debug|Any CPU
		{56A56F17-7DE1-4CA1-9617-BF32E971AC84}.Debug|iPhone.ActiveCfg = Debug|Any CPU
		{56A56F17-7DE1-4CA1-9617-BF32E971AC84}.Debug|iPhone.Build.0 = Debug|Any CPU
		{56A56F17-7DE1-4CA1-9617-BF32E971AC84}.Debug|iPhoneSimulator.ActiveCfg = Debug|Any CPU
		{56A56F17-7DE1-4CA1-9617-BF32E971AC84}.Debug|iPhoneSimulator.Build.0 = Debug|Any CPU
		{56A56F17-7DE1-4CA1-9617-BF32E971AC84}.Debug|x64.ActiveCfg = Debug|Any CPU
		{56A56F17-7DE1-4CA1-9617-BF32E971AC84}.Debug|x86.ActiveCfg = Debug|Any CPU
		{56A56F17-7DE1-4CA1-9617-BF32E971AC84}.Release|Any CPU.ActiveCfg = Release|Any CPU
		{56A56F17-7DE1-4CA1-9617-BF32E971AC84}.Release|Any CPU.Build.0 = Release|Any CPU
		{56A56F17-7DE1-4CA1-9617-BF32E971AC84}.Release|ARM.ActiveCfg = Release|Any CPU
		{56A56F17-7DE1-4CA1-9617-BF32E971AC84}.Release|iPhone.ActiveCfg = Release|Any CPU
		{56A56F17-7DE1-4CA1-9617-BF32E971AC84}.Release|iPhone.Build.0 = Release|Any CPU
		{56A56F17-7DE1-4CA1-9617-BF32E971AC84}.Release|iPhoneSimulator.ActiveCfg = Release|Any CPU
		{56A56F17-7DE1-4CA1-9617-BF32E971AC84}.Release|iPhoneSimulator.Build.0 = Release|Any CPU
		{56A56F17-7DE1-4CA1-9617-BF32E971AC84}.Release|x64.ActiveCfg = Release|Any CPU
		{56A56F17-7DE1-4CA1-9617-BF32E971AC84}.Release|x86.ActiveCfg = Release|Any CPU
		{2882AEEB-D4CD-4EB9-8A6C-6653B33681F0}.Ad-Hoc|Any CPU.ActiveCfg = Release|Any CPU
		{2882AEEB-D4CD-4EB9-8A6C-6653B33681F0}.Ad-Hoc|Any CPU.Build.0 = Release|Any CPU
		{2882AEEB-D4CD-4EB9-8A6C-6653B33681F0}.Ad-Hoc|ARM.ActiveCfg = Release|Any CPU
		{2882AEEB-D4CD-4EB9-8A6C-6653B33681F0}.Ad-Hoc|ARM.Build.0 = Release|Any CPU
		{2882AEEB-D4CD-4EB9-8A6C-6653B33681F0}.Ad-Hoc|iPhone.ActiveCfg = Release|Any CPU
		{2882AEEB-D4CD-4EB9-8A6C-6653B33681F0}.Ad-Hoc|iPhone.Build.0 = Release|Any CPU
		{2882AEEB-D4CD-4EB9-8A6C-6653B33681F0}.Ad-Hoc|iPhoneSimulator.ActiveCfg = Release|Any CPU
		{2882AEEB-D4CD-4EB9-8A6C-6653B33681F0}.Ad-Hoc|iPhoneSimulator.Build.0 = Release|Any CPU
		{2882AEEB-D4CD-4EB9-8A6C-6653B33681F0}.Ad-Hoc|x64.ActiveCfg = Release|Any CPU
		{2882AEEB-D4CD-4EB9-8A6C-6653B33681F0}.Ad-Hoc|x64.Build.0 = Release|Any CPU
		{2882AEEB-D4CD-4EB9-8A6C-6653B33681F0}.Ad-Hoc|x86.ActiveCfg = Release|Any CPU
		{2882AEEB-D4CD-4EB9-8A6C-6653B33681F0}.Ad-Hoc|x86.Build.0 = Release|Any CPU
		{2882AEEB-D4CD-4EB9-8A6C-6653B33681F0}.AppStore|Any CPU.ActiveCfg = Release|Any CPU
		{2882AEEB-D4CD-4EB9-8A6C-6653B33681F0}.AppStore|Any CPU.Build.0 = Release|Any CPU
		{2882AEEB-D4CD-4EB9-8A6C-6653B33681F0}.AppStore|ARM.ActiveCfg = Release|Any CPU
		{2882AEEB-D4CD-4EB9-8A6C-6653B33681F0}.AppStore|ARM.Build.0 = Release|Any CPU
		{2882AEEB-D4CD-4EB9-8A6C-6653B33681F0}.AppStore|iPhone.ActiveCfg = Release|Any CPU
		{2882AEEB-D4CD-4EB9-8A6C-6653B33681F0}.AppStore|iPhone.Build.0 = Release|Any CPU
		{2882AEEB-D4CD-4EB9-8A6C-6653B33681F0}.AppStore|iPhoneSimulator.ActiveCfg = Release|Any CPU
		{2882AEEB-D4CD-4EB9-8A6C-6653B33681F0}.AppStore|iPhoneSimulator.Build.0 = Release|Any CPU
		{2882AEEB-D4CD-4EB9-8A6C-6653B33681F0}.AppStore|x64.ActiveCfg = Release|Any CPU
		{2882AEEB-D4CD-4EB9-8A6C-6653B33681F0}.AppStore|x64.Build.0 = Release|Any CPU
		{2882AEEB-D4CD-4EB9-8A6C-6653B33681F0}.AppStore|x86.ActiveCfg = Release|Any CPU
		{2882AEEB-D4CD-4EB9-8A6C-6653B33681F0}.AppStore|x86.Build.0 = Release|Any CPU
		{2882AEEB-D4CD-4EB9-8A6C-6653B33681F0}.Debug|Any CPU.ActiveCfg = Debug|Any CPU
		{2882AEEB-D4CD-4EB9-8A6C-6653B33681F0}.Debug|Any CPU.Build.0 = Debug|Any CPU
		{2882AEEB-D4CD-4EB9-8A6C-6653B33681F0}.Debug|ARM.ActiveCfg = Debug|Any CPU
		{2882AEEB-D4CD-4EB9-8A6C-6653B33681F0}.Debug|iPhone.ActiveCfg = Debug|Any CPU
		{2882AEEB-D4CD-4EB9-8A6C-6653B33681F0}.Debug|iPhone.Build.0 = Debug|Any CPU
		{2882AEEB-D4CD-4EB9-8A6C-6653B33681F0}.Debug|iPhoneSimulator.ActiveCfg = Debug|Any CPU
		{2882AEEB-D4CD-4EB9-8A6C-6653B33681F0}.Debug|iPhoneSimulator.Build.0 = Debug|Any CPU
		{2882AEEB-D4CD-4EB9-8A6C-6653B33681F0}.Debug|x64.ActiveCfg = Debug|Any CPU
		{2882AEEB-D4CD-4EB9-8A6C-6653B33681F0}.Debug|x86.ActiveCfg = Debug|Any CPU
		{2882AEEB-D4CD-4EB9-8A6C-6653B33681F0}.Release|Any CPU.ActiveCfg = Release|Any CPU
		{2882AEEB-D4CD-4EB9-8A6C-6653B33681F0}.Release|Any CPU.Build.0 = Release|Any CPU
		{2882AEEB-D4CD-4EB9-8A6C-6653B33681F0}.Release|ARM.ActiveCfg = Release|Any CPU
		{2882AEEB-D4CD-4EB9-8A6C-6653B33681F0}.Release|iPhone.ActiveCfg = Release|Any CPU
		{2882AEEB-D4CD-4EB9-8A6C-6653B33681F0}.Release|iPhone.Build.0 = Release|Any CPU
		{2882AEEB-D4CD-4EB9-8A6C-6653B33681F0}.Release|iPhoneSimulator.ActiveCfg = Release|Any CPU
		{2882AEEB-D4CD-4EB9-8A6C-6653B33681F0}.Release|iPhoneSimulator.Build.0 = Release|Any CPU
		{2882AEEB-D4CD-4EB9-8A6C-6653B33681F0}.Release|x64.ActiveCfg = Release|Any CPU
		{2882AEEB-D4CD-4EB9-8A6C-6653B33681F0}.Release|x86.ActiveCfg = Release|Any CPU
		{A6FCEF44-D2BA-42C7-B3CB-13667BCD7B54}.Ad-Hoc|Any CPU.ActiveCfg = Release|Any CPU
		{A6FCEF44-D2BA-42C7-B3CB-13667BCD7B54}.Ad-Hoc|Any CPU.Build.0 = Release|Any CPU
		{A6FCEF44-D2BA-42C7-B3CB-13667BCD7B54}.Ad-Hoc|ARM.ActiveCfg = Release|Any CPU
		{A6FCEF44-D2BA-42C7-B3CB-13667BCD7B54}.Ad-Hoc|ARM.Build.0 = Release|Any CPU
		{A6FCEF44-D2BA-42C7-B3CB-13667BCD7B54}.Ad-Hoc|iPhone.ActiveCfg = Release|Any CPU
		{A6FCEF44-D2BA-42C7-B3CB-13667BCD7B54}.Ad-Hoc|iPhone.Build.0 = Release|Any CPU
		{A6FCEF44-D2BA-42C7-B3CB-13667BCD7B54}.Ad-Hoc|iPhoneSimulator.ActiveCfg = Release|Any CPU
		{A6FCEF44-D2BA-42C7-B3CB-13667BCD7B54}.Ad-Hoc|iPhoneSimulator.Build.0 = Release|Any CPU
		{A6FCEF44-D2BA-42C7-B3CB-13667BCD7B54}.Ad-Hoc|x64.ActiveCfg = Release|Any CPU
		{A6FCEF44-D2BA-42C7-B3CB-13667BCD7B54}.Ad-Hoc|x64.Build.0 = Release|Any CPU
		{A6FCEF44-D2BA-42C7-B3CB-13667BCD7B54}.Ad-Hoc|x86.ActiveCfg = Release|Any CPU
		{A6FCEF44-D2BA-42C7-B3CB-13667BCD7B54}.Ad-Hoc|x86.Build.0 = Release|Any CPU
		{A6FCEF44-D2BA-42C7-B3CB-13667BCD7B54}.AppStore|Any CPU.ActiveCfg = Release|Any CPU
		{A6FCEF44-D2BA-42C7-B3CB-13667BCD7B54}.AppStore|Any CPU.Build.0 = Release|Any CPU
		{A6FCEF44-D2BA-42C7-B3CB-13667BCD7B54}.AppStore|ARM.ActiveCfg = Release|Any CPU
		{A6FCEF44-D2BA-42C7-B3CB-13667BCD7B54}.AppStore|ARM.Build.0 = Release|Any CPU
		{A6FCEF44-D2BA-42C7-B3CB-13667BCD7B54}.AppStore|iPhone.ActiveCfg = Release|Any CPU
		{A6FCEF44-D2BA-42C7-B3CB-13667BCD7B54}.AppStore|iPhone.Build.0 = Release|Any CPU
		{A6FCEF44-D2BA-42C7-B3CB-13667BCD7B54}.AppStore|iPhoneSimulator.ActiveCfg = Release|Any CPU
		{A6FCEF44-D2BA-42C7-B3CB-13667BCD7B54}.AppStore|iPhoneSimulator.Build.0 = Release|Any CPU
		{A6FCEF44-D2BA-42C7-B3CB-13667BCD7B54}.AppStore|x64.ActiveCfg = Release|Any CPU
		{A6FCEF44-D2BA-42C7-B3CB-13667BCD7B54}.AppStore|x64.Build.0 = Release|Any CPU
		{A6FCEF44-D2BA-42C7-B3CB-13667BCD7B54}.AppStore|x86.ActiveCfg = Release|Any CPU
		{A6FCEF44-D2BA-42C7-B3CB-13667BCD7B54}.AppStore|x86.Build.0 = Release|Any CPU
		{A6FCEF44-D2BA-42C7-B3CB-13667BCD7B54}.Debug|Any CPU.ActiveCfg = Debug|Any CPU
		{A6FCEF44-D2BA-42C7-B3CB-13667BCD7B54}.Debug|Any CPU.Build.0 = Debug|Any CPU
		{A6FCEF44-D2BA-42C7-B3CB-13667BCD7B54}.Debug|ARM.ActiveCfg = Debug|Any CPU
		{A6FCEF44-D2BA-42C7-B3CB-13667BCD7B54}.Debug|iPhone.ActiveCfg = Debug|Any CPU
		{A6FCEF44-D2BA-42C7-B3CB-13667BCD7B54}.Debug|iPhone.Build.0 = Debug|Any CPU
		{A6FCEF44-D2BA-42C7-B3CB-13667BCD7B54}.Debug|iPhoneSimulator.ActiveCfg = Debug|Any CPU
		{A6FCEF44-D2BA-42C7-B3CB-13667BCD7B54}.Debug|iPhoneSimulator.Build.0 = Debug|Any CPU
		{A6FCEF44-D2BA-42C7-B3CB-13667BCD7B54}.Debug|x64.ActiveCfg = Debug|Any CPU
		{A6FCEF44-D2BA-42C7-B3CB-13667BCD7B54}.Debug|x86.ActiveCfg = Debug|Any CPU
		{A6FCEF44-D2BA-42C7-B3CB-13667BCD7B54}.Release|Any CPU.ActiveCfg = Release|Any CPU
		{A6FCEF44-D2BA-42C7-B3CB-13667BCD7B54}.Release|Any CPU.Build.0 = Release|Any CPU
		{A6FCEF44-D2BA-42C7-B3CB-13667BCD7B54}.Release|ARM.ActiveCfg = Release|Any CPU
		{A6FCEF44-D2BA-42C7-B3CB-13667BCD7B54}.Release|iPhone.ActiveCfg = Release|Any CPU
		{A6FCEF44-D2BA-42C7-B3CB-13667BCD7B54}.Release|iPhone.Build.0 = Release|Any CPU
		{A6FCEF44-D2BA-42C7-B3CB-13667BCD7B54}.Release|iPhoneSimulator.ActiveCfg = Release|Any CPU
		{A6FCEF44-D2BA-42C7-B3CB-13667BCD7B54}.Release|iPhoneSimulator.Build.0 = Release|Any CPU
		{A6FCEF44-D2BA-42C7-B3CB-13667BCD7B54}.Release|x64.ActiveCfg = Release|Any CPU
		{A6FCEF44-D2BA-42C7-B3CB-13667BCD7B54}.Release|x86.ActiveCfg = Release|Any CPU
		{7430E265-F63A-4F2A-BAC4-87D6CEF98595}.Ad-Hoc|Any CPU.ActiveCfg = Release|Any CPU
		{7430E265-F63A-4F2A-BAC4-87D6CEF98595}.Ad-Hoc|Any CPU.Build.0 = Release|Any CPU
		{7430E265-F63A-4F2A-BAC4-87D6CEF98595}.Ad-Hoc|Any CPU.Deploy.0 = Release|Any CPU
		{7430E265-F63A-4F2A-BAC4-87D6CEF98595}.Ad-Hoc|ARM.ActiveCfg = Release|Any CPU
		{7430E265-F63A-4F2A-BAC4-87D6CEF98595}.Ad-Hoc|ARM.Build.0 = Release|Any CPU
		{7430E265-F63A-4F2A-BAC4-87D6CEF98595}.Ad-Hoc|ARM.Deploy.0 = Release|Any CPU
		{7430E265-F63A-4F2A-BAC4-87D6CEF98595}.Ad-Hoc|iPhone.ActiveCfg = Release|Any CPU
		{7430E265-F63A-4F2A-BAC4-87D6CEF98595}.Ad-Hoc|iPhone.Build.0 = Release|Any CPU
		{7430E265-F63A-4F2A-BAC4-87D6CEF98595}.Ad-Hoc|iPhone.Deploy.0 = Release|Any CPU
		{7430E265-F63A-4F2A-BAC4-87D6CEF98595}.Ad-Hoc|iPhoneSimulator.ActiveCfg = Release|Any CPU
		{7430E265-F63A-4F2A-BAC4-87D6CEF98595}.Ad-Hoc|iPhoneSimulator.Build.0 = Release|Any CPU
		{7430E265-F63A-4F2A-BAC4-87D6CEF98595}.Ad-Hoc|iPhoneSimulator.Deploy.0 = Release|Any CPU
		{7430E265-F63A-4F2A-BAC4-87D6CEF98595}.Ad-Hoc|x64.ActiveCfg = Release|Any CPU
		{7430E265-F63A-4F2A-BAC4-87D6CEF98595}.Ad-Hoc|x64.Build.0 = Release|Any CPU
		{7430E265-F63A-4F2A-BAC4-87D6CEF98595}.Ad-Hoc|x64.Deploy.0 = Release|Any CPU
		{7430E265-F63A-4F2A-BAC4-87D6CEF98595}.Ad-Hoc|x86.ActiveCfg = Release|Any CPU
		{7430E265-F63A-4F2A-BAC4-87D6CEF98595}.Ad-Hoc|x86.Build.0 = Release|Any CPU
		{7430E265-F63A-4F2A-BAC4-87D6CEF98595}.Ad-Hoc|x86.Deploy.0 = Release|Any CPU
		{7430E265-F63A-4F2A-BAC4-87D6CEF98595}.AppStore|Any CPU.ActiveCfg = Release|Any CPU
		{7430E265-F63A-4F2A-BAC4-87D6CEF98595}.AppStore|Any CPU.Build.0 = Release|Any CPU
		{7430E265-F63A-4F2A-BAC4-87D6CEF98595}.AppStore|Any CPU.Deploy.0 = Release|Any CPU
		{7430E265-F63A-4F2A-BAC4-87D6CEF98595}.AppStore|ARM.ActiveCfg = Release|Any CPU
		{7430E265-F63A-4F2A-BAC4-87D6CEF98595}.AppStore|ARM.Build.0 = Release|Any CPU
		{7430E265-F63A-4F2A-BAC4-87D6CEF98595}.AppStore|ARM.Deploy.0 = Release|Any CPU
		{7430E265-F63A-4F2A-BAC4-87D6CEF98595}.AppStore|iPhone.ActiveCfg = Release|Any CPU
		{7430E265-F63A-4F2A-BAC4-87D6CEF98595}.AppStore|iPhone.Build.0 = Release|Any CPU
		{7430E265-F63A-4F2A-BAC4-87D6CEF98595}.AppStore|iPhone.Deploy.0 = Release|Any CPU
		{7430E265-F63A-4F2A-BAC4-87D6CEF98595}.AppStore|iPhoneSimulator.ActiveCfg = Release|Any CPU
		{7430E265-F63A-4F2A-BAC4-87D6CEF98595}.AppStore|iPhoneSimulator.Build.0 = Release|Any CPU
		{7430E265-F63A-4F2A-BAC4-87D6CEF98595}.AppStore|iPhoneSimulator.Deploy.0 = Release|Any CPU
		{7430E265-F63A-4F2A-BAC4-87D6CEF98595}.AppStore|x64.ActiveCfg = Release|Any CPU
		{7430E265-F63A-4F2A-BAC4-87D6CEF98595}.AppStore|x64.Build.0 = Release|Any CPU
		{7430E265-F63A-4F2A-BAC4-87D6CEF98595}.AppStore|x64.Deploy.0 = Release|Any CPU
		{7430E265-F63A-4F2A-BAC4-87D6CEF98595}.AppStore|x86.ActiveCfg = Release|Any CPU
		{7430E265-F63A-4F2A-BAC4-87D6CEF98595}.AppStore|x86.Build.0 = Release|Any CPU
		{7430E265-F63A-4F2A-BAC4-87D6CEF98595}.AppStore|x86.Deploy.0 = Release|Any CPU
		{7430E265-F63A-4F2A-BAC4-87D6CEF98595}.Debug|Any CPU.ActiveCfg = Debug|Any CPU
		{7430E265-F63A-4F2A-BAC4-87D6CEF98595}.Debug|Any CPU.Build.0 = Debug|Any CPU
		{7430E265-F63A-4F2A-BAC4-87D6CEF98595}.Debug|Any CPU.Deploy.0 = Debug|Any CPU
		{7430E265-F63A-4F2A-BAC4-87D6CEF98595}.Debug|ARM.ActiveCfg = Debug|Any CPU
		{7430E265-F63A-4F2A-BAC4-87D6CEF98595}.Debug|ARM.Build.0 = Debug|Any CPU
		{7430E265-F63A-4F2A-BAC4-87D6CEF98595}.Debug|ARM.Deploy.0 = Debug|Any CPU
		{7430E265-F63A-4F2A-BAC4-87D6CEF98595}.Debug|iPhone.ActiveCfg = Debug|Any CPU
		{7430E265-F63A-4F2A-BAC4-87D6CEF98595}.Debug|iPhone.Build.0 = Debug|Any CPU
		{7430E265-F63A-4F2A-BAC4-87D6CEF98595}.Debug|iPhone.Deploy.0 = Debug|Any CPU
		{7430E265-F63A-4F2A-BAC4-87D6CEF98595}.Debug|iPhoneSimulator.ActiveCfg = Debug|Any CPU
		{7430E265-F63A-4F2A-BAC4-87D6CEF98595}.Debug|iPhoneSimulator.Build.0 = Debug|Any CPU
		{7430E265-F63A-4F2A-BAC4-87D6CEF98595}.Debug|iPhoneSimulator.Deploy.0 = Debug|Any CPU
		{7430E265-F63A-4F2A-BAC4-87D6CEF98595}.Debug|x64.ActiveCfg = Debug|Any CPU
		{7430E265-F63A-4F2A-BAC4-87D6CEF98595}.Debug|x64.Build.0 = Debug|Any CPU
		{7430E265-F63A-4F2A-BAC4-87D6CEF98595}.Debug|x64.Deploy.0 = Debug|Any CPU
		{7430E265-F63A-4F2A-BAC4-87D6CEF98595}.Debug|x86.ActiveCfg = Debug|Any CPU
		{7430E265-F63A-4F2A-BAC4-87D6CEF98595}.Debug|x86.Build.0 = Debug|Any CPU
		{7430E265-F63A-4F2A-BAC4-87D6CEF98595}.Debug|x86.Deploy.0 = Debug|Any CPU
		{7430E265-F63A-4F2A-BAC4-87D6CEF98595}.Release|Any CPU.ActiveCfg = Release|Any CPU
		{7430E265-F63A-4F2A-BAC4-87D6CEF98595}.Release|Any CPU.Build.0 = Release|Any CPU
		{7430E265-F63A-4F2A-BAC4-87D6CEF98595}.Release|Any CPU.Deploy.0 = Release|Any CPU
		{7430E265-F63A-4F2A-BAC4-87D6CEF98595}.Release|ARM.ActiveCfg = Release|Any CPU
		{7430E265-F63A-4F2A-BAC4-87D6CEF98595}.Release|ARM.Build.0 = Release|Any CPU
		{7430E265-F63A-4F2A-BAC4-87D6CEF98595}.Release|ARM.Deploy.0 = Release|Any CPU
		{7430E265-F63A-4F2A-BAC4-87D6CEF98595}.Release|iPhone.ActiveCfg = Release|Any CPU
		{7430E265-F63A-4F2A-BAC4-87D6CEF98595}.Release|iPhone.Build.0 = Release|Any CPU
		{7430E265-F63A-4F2A-BAC4-87D6CEF98595}.Release|iPhone.Deploy.0 = Release|Any CPU
		{7430E265-F63A-4F2A-BAC4-87D6CEF98595}.Release|iPhoneSimulator.ActiveCfg = Release|Any CPU
		{7430E265-F63A-4F2A-BAC4-87D6CEF98595}.Release|iPhoneSimulator.Build.0 = Release|Any CPU
		{7430E265-F63A-4F2A-BAC4-87D6CEF98595}.Release|iPhoneSimulator.Deploy.0 = Release|Any CPU
		{7430E265-F63A-4F2A-BAC4-87D6CEF98595}.Release|x64.ActiveCfg = Release|Any CPU
		{7430E265-F63A-4F2A-BAC4-87D6CEF98595}.Release|x64.Build.0 = Release|Any CPU
		{7430E265-F63A-4F2A-BAC4-87D6CEF98595}.Release|x64.Deploy.0 = Release|Any CPU
		{7430E265-F63A-4F2A-BAC4-87D6CEF98595}.Release|x86.ActiveCfg = Release|Any CPU
		{7430E265-F63A-4F2A-BAC4-87D6CEF98595}.Release|x86.Build.0 = Release|Any CPU
		{7430E265-F63A-4F2A-BAC4-87D6CEF98595}.Release|x86.Deploy.0 = Release|Any CPU
		{F9292096-F8BC-401A-BCC1-668EDD4E4F03}.Ad-Hoc|Any CPU.ActiveCfg = Ad-Hoc|iPhone
		{F9292096-F8BC-401A-BCC1-668EDD4E4F03}.Ad-Hoc|ARM.ActiveCfg = Ad-Hoc|iPhone
		{F9292096-F8BC-401A-BCC1-668EDD4E4F03}.Ad-Hoc|iPhone.ActiveCfg = Ad-Hoc|iPhone
		{F9292096-F8BC-401A-BCC1-668EDD4E4F03}.Ad-Hoc|iPhone.Build.0 = Ad-Hoc|iPhone
		{F9292096-F8BC-401A-BCC1-668EDD4E4F03}.Ad-Hoc|iPhoneSimulator.ActiveCfg = Ad-Hoc|iPhoneSimulator
		{F9292096-F8BC-401A-BCC1-668EDD4E4F03}.Ad-Hoc|iPhoneSimulator.Build.0 = Ad-Hoc|iPhoneSimulator
		{F9292096-F8BC-401A-BCC1-668EDD4E4F03}.Ad-Hoc|x64.ActiveCfg = Ad-Hoc|iPhone
		{F9292096-F8BC-401A-BCC1-668EDD4E4F03}.Ad-Hoc|x86.ActiveCfg = Ad-Hoc|iPhone
		{F9292096-F8BC-401A-BCC1-668EDD4E4F03}.AppStore|Any CPU.ActiveCfg = AppStore|iPhone
		{F9292096-F8BC-401A-BCC1-668EDD4E4F03}.AppStore|ARM.ActiveCfg = AppStore|iPhone
		{F9292096-F8BC-401A-BCC1-668EDD4E4F03}.AppStore|iPhone.ActiveCfg = AppStore|iPhone
		{F9292096-F8BC-401A-BCC1-668EDD4E4F03}.AppStore|iPhone.Build.0 = AppStore|iPhone
		{F9292096-F8BC-401A-BCC1-668EDD4E4F03}.AppStore|iPhoneSimulator.ActiveCfg = AppStore|iPhoneSimulator
		{F9292096-F8BC-401A-BCC1-668EDD4E4F03}.AppStore|iPhoneSimulator.Build.0 = AppStore|iPhoneSimulator
		{F9292096-F8BC-401A-BCC1-668EDD4E4F03}.AppStore|x64.ActiveCfg = AppStore|iPhone
		{F9292096-F8BC-401A-BCC1-668EDD4E4F03}.AppStore|x86.ActiveCfg = AppStore|iPhone
		{F9292096-F8BC-401A-BCC1-668EDD4E4F03}.Debug|Any CPU.ActiveCfg = Debug|iPhone
		{F9292096-F8BC-401A-BCC1-668EDD4E4F03}.Debug|ARM.ActiveCfg = Debug|iPhone
		{F9292096-F8BC-401A-BCC1-668EDD4E4F03}.Debug|iPhone.ActiveCfg = Debug|iPhone
		{F9292096-F8BC-401A-BCC1-668EDD4E4F03}.Debug|iPhone.Build.0 = Debug|iPhone
		{F9292096-F8BC-401A-BCC1-668EDD4E4F03}.Debug|iPhoneSimulator.ActiveCfg = Debug|iPhoneSimulator
		{F9292096-F8BC-401A-BCC1-668EDD4E4F03}.Debug|iPhoneSimulator.Build.0 = Debug|iPhoneSimulator
		{F9292096-F8BC-401A-BCC1-668EDD4E4F03}.Debug|x64.ActiveCfg = Debug|iPhone
		{F9292096-F8BC-401A-BCC1-668EDD4E4F03}.Debug|x86.ActiveCfg = Debug|iPhone
		{F9292096-F8BC-401A-BCC1-668EDD4E4F03}.Release|Any CPU.ActiveCfg = Release|iPhone
		{F9292096-F8BC-401A-BCC1-668EDD4E4F03}.Release|ARM.ActiveCfg = Release|iPhone
		{F9292096-F8BC-401A-BCC1-668EDD4E4F03}.Release|iPhone.ActiveCfg = Release|iPhone
		{F9292096-F8BC-401A-BCC1-668EDD4E4F03}.Release|iPhone.Build.0 = Release|iPhone
		{F9292096-F8BC-401A-BCC1-668EDD4E4F03}.Release|iPhoneSimulator.ActiveCfg = Release|iPhoneSimulator
		{F9292096-F8BC-401A-BCC1-668EDD4E4F03}.Release|iPhoneSimulator.Build.0 = Release|iPhoneSimulator
		{F9292096-F8BC-401A-BCC1-668EDD4E4F03}.Release|x64.ActiveCfg = Release|iPhone
		{F9292096-F8BC-401A-BCC1-668EDD4E4F03}.Release|x86.ActiveCfg = Release|iPhone
		{E923B415-7E6A-4BE0-87A3-F524D4BF9518}.Ad-Hoc|Any CPU.ActiveCfg = Release|Any CPU
		{E923B415-7E6A-4BE0-87A3-F524D4BF9518}.Ad-Hoc|Any CPU.Build.0 = Release|Any CPU
		{E923B415-7E6A-4BE0-87A3-F524D4BF9518}.Ad-Hoc|ARM.ActiveCfg = Release|Any CPU
		{E923B415-7E6A-4BE0-87A3-F524D4BF9518}.Ad-Hoc|ARM.Build.0 = Release|Any CPU
		{E923B415-7E6A-4BE0-87A3-F524D4BF9518}.Ad-Hoc|iPhone.ActiveCfg = Release|Any CPU
		{E923B415-7E6A-4BE0-87A3-F524D4BF9518}.Ad-Hoc|iPhone.Build.0 = Release|Any CPU
		{E923B415-7E6A-4BE0-87A3-F524D4BF9518}.Ad-Hoc|iPhoneSimulator.ActiveCfg = Release|Any CPU
		{E923B415-7E6A-4BE0-87A3-F524D4BF9518}.Ad-Hoc|iPhoneSimulator.Build.0 = Release|Any CPU
		{E923B415-7E6A-4BE0-87A3-F524D4BF9518}.Ad-Hoc|x64.ActiveCfg = Release|Any CPU
		{E923B415-7E6A-4BE0-87A3-F524D4BF9518}.Ad-Hoc|x64.Build.0 = Release|Any CPU
		{E923B415-7E6A-4BE0-87A3-F524D4BF9518}.Ad-Hoc|x86.ActiveCfg = Release|Any CPU
		{E923B415-7E6A-4BE0-87A3-F524D4BF9518}.Ad-Hoc|x86.Build.0 = Release|Any CPU
		{E923B415-7E6A-4BE0-87A3-F524D4BF9518}.AppStore|Any CPU.ActiveCfg = Release|Any CPU
		{E923B415-7E6A-4BE0-87A3-F524D4BF9518}.AppStore|Any CPU.Build.0 = Release|Any CPU
		{E923B415-7E6A-4BE0-87A3-F524D4BF9518}.AppStore|ARM.ActiveCfg = Release|Any CPU
		{E923B415-7E6A-4BE0-87A3-F524D4BF9518}.AppStore|ARM.Build.0 = Release|Any CPU
		{E923B415-7E6A-4BE0-87A3-F524D4BF9518}.AppStore|iPhone.ActiveCfg = Release|Any CPU
		{E923B415-7E6A-4BE0-87A3-F524D4BF9518}.AppStore|iPhone.Build.0 = Release|Any CPU
		{E923B415-7E6A-4BE0-87A3-F524D4BF9518}.AppStore|iPhoneSimulator.ActiveCfg = Release|Any CPU
		{E923B415-7E6A-4BE0-87A3-F524D4BF9518}.AppStore|iPhoneSimulator.Build.0 = Release|Any CPU
		{E923B415-7E6A-4BE0-87A3-F524D4BF9518}.AppStore|x64.ActiveCfg = Release|Any CPU
		{E923B415-7E6A-4BE0-87A3-F524D4BF9518}.AppStore|x64.Build.0 = Release|Any CPU
		{E923B415-7E6A-4BE0-87A3-F524D4BF9518}.AppStore|x86.ActiveCfg = Release|Any CPU
		{E923B415-7E6A-4BE0-87A3-F524D4BF9518}.AppStore|x86.Build.0 = Release|Any CPU
		{E923B415-7E6A-4BE0-87A3-F524D4BF9518}.Debug|Any CPU.ActiveCfg = Debug|Any CPU
		{E923B415-7E6A-4BE0-87A3-F524D4BF9518}.Debug|Any CPU.Build.0 = Debug|Any CPU
		{E923B415-7E6A-4BE0-87A3-F524D4BF9518}.Debug|ARM.ActiveCfg = Debug|Any CPU
		{E923B415-7E6A-4BE0-87A3-F524D4BF9518}.Debug|ARM.Build.0 = Debug|Any CPU
		{E923B415-7E6A-4BE0-87A3-F524D4BF9518}.Debug|iPhone.ActiveCfg = Debug|Any CPU
		{E923B415-7E6A-4BE0-87A3-F524D4BF9518}.Debug|iPhone.Build.0 = Debug|Any CPU
		{E923B415-7E6A-4BE0-87A3-F524D4BF9518}.Debug|iPhoneSimulator.ActiveCfg = Debug|Any CPU
		{E923B415-7E6A-4BE0-87A3-F524D4BF9518}.Debug|iPhoneSimulator.Build.0 = Debug|Any CPU
		{E923B415-7E6A-4BE0-87A3-F524D4BF9518}.Debug|x64.ActiveCfg = Debug|Any CPU
		{E923B415-7E6A-4BE0-87A3-F524D4BF9518}.Debug|x64.Build.0 = Debug|Any CPU
		{E923B415-7E6A-4BE0-87A3-F524D4BF9518}.Debug|x86.ActiveCfg = Debug|Any CPU
		{E923B415-7E6A-4BE0-87A3-F524D4BF9518}.Debug|x86.Build.0 = Debug|Any CPU
		{E923B415-7E6A-4BE0-87A3-F524D4BF9518}.Release|Any CPU.ActiveCfg = Release|Any CPU
		{E923B415-7E6A-4BE0-87A3-F524D4BF9518}.Release|Any CPU.Build.0 = Release|Any CPU
		{E923B415-7E6A-4BE0-87A3-F524D4BF9518}.Release|ARM.ActiveCfg = Release|Any CPU
		{E923B415-7E6A-4BE0-87A3-F524D4BF9518}.Release|ARM.Build.0 = Release|Any CPU
		{E923B415-7E6A-4BE0-87A3-F524D4BF9518}.Release|iPhone.ActiveCfg = Release|Any CPU
		{E923B415-7E6A-4BE0-87A3-F524D4BF9518}.Release|iPhone.Build.0 = Release|Any CPU
		{E923B415-7E6A-4BE0-87A3-F524D4BF9518}.Release|iPhoneSimulator.ActiveCfg = Release|Any CPU
		{E923B415-7E6A-4BE0-87A3-F524D4BF9518}.Release|iPhoneSimulator.Build.0 = Release|Any CPU
		{E923B415-7E6A-4BE0-87A3-F524D4BF9518}.Release|x64.ActiveCfg = Release|Any CPU
		{E923B415-7E6A-4BE0-87A3-F524D4BF9518}.Release|x64.Build.0 = Release|Any CPU
		{E923B415-7E6A-4BE0-87A3-F524D4BF9518}.Release|x86.ActiveCfg = Release|Any CPU
		{E923B415-7E6A-4BE0-87A3-F524D4BF9518}.Release|x86.Build.0 = Release|Any CPU
	EndGlobalSection
	GlobalSection(SolutionProperties) = preSolution
		HideSolutionNode = FALSE
	EndGlobalSection
	GlobalSection(NestedProjects) = preSolution
		{2CF5E868-1098-4C6D-9001-27D8DC0D87BE} = {B5AEA046-0E87-4A7B-8F11-80B6BDDA1F2A}
		{7430E265-F63A-4F2A-BAC4-87D6CEF98595} = {D94B3E0A-38D5-40D6-956D-1B89B0C9490C}
		{F9292096-F8BC-401A-BCC1-668EDD4E4F03} = {D94B3E0A-38D5-40D6-956D-1B89B0C9490C}
		{E923B415-7E6A-4BE0-87A3-F524D4BF9518} = {D94B3E0A-38D5-40D6-956D-1B89B0C9490C}
	EndGlobalSection
	GlobalSection(ExtensibilityGlobals) = postSolution
		SolutionGuid = {404E204A-2C60-434A-AB77-2D2BF570F728}
	EndGlobalSection
EndGlobal
